// !$*UTF8*$!
{
	archiveVersion = 1;
	classes = {
	};
	objectVersion = 48;
	objects = {

/* Begin PBXBuildFile section */
		A11F5EFF1F9A3866004A6CA5 /* AppDelegate.swift in Sources */ = {isa = PBXBuildFile; fileRef = A11F5EFE1F9A3866004A6CA5 /* AppDelegate.swift */; };
		A11F5F011F9A3866004A6CA5 /* ViewController.swift in Sources */ = {isa = PBXBuildFile; fileRef = A11F5F001F9A3866004A6CA5 /* ViewController.swift */; };
		A11F5F041F9A3866004A6CA5 /* Main.storyboard in Resources */ = {isa = PBXBuildFile; fileRef = A11F5F021F9A3866004A6CA5 /* Main.storyboard */; };
		A11F5F061F9A3866004A6CA5 /* Assets.xcassets in Resources */ = {isa = PBXBuildFile; fileRef = A11F5F051F9A3866004A6CA5 /* Assets.xcassets */; };
		A11F5F091F9A3866004A6CA5 /* LaunchScreen.storyboard in Resources */ = {isa = PBXBuildFile; fileRef = A11F5F071F9A3866004A6CA5 /* LaunchScreen.storyboard */; };
		A11F5F141F9A3866004A6CA5 /* ios_swooshTests.swift in Sources */ = {isa = PBXBuildFile; fileRef = A11F5F131F9A3866004A6CA5 /* ios_swooshTests.swift */; };
		A11F5F1F1F9A3866004A6CA5 /* ios_swooshUITests.swift in Sources */ = {isa = PBXBuildFile; fileRef = A11F5F1E1F9A3866004A6CA5 /* ios_swooshUITests.swift */; };
		A11F5F2E1F9A3E9F004A6CA5 /* BorderButton.swift in Sources */ = {isa = PBXBuildFile; fileRef = A11F5F2D1F9A3E9F004A6CA5 /* BorderButton.swift */; };
/* End PBXBuildFile section */

/* Begin PBXContainerItemProxy section */
		A11F5F101F9A3866004A6CA5 /* PBXContainerItemProxy */ = {
			isa = PBXContainerItemProxy;
			containerPortal = A11F5EF31F9A3866004A6CA5 /* Project object */;
			proxyType = 1;
			remoteGlobalIDString = A11F5EFA1F9A3866004A6CA5;
			remoteInfo = "ios-swoosh";
		};
		A11F5F1B1F9A3866004A6CA5 /* PBXContainerItemProxy */ = {
			isa = PBXContainerItemProxy;
			containerPortal = A11F5EF31F9A3866004A6CA5 /* Project object */;
			proxyType = 1;
			remoteGlobalIDString = A11F5EFA1F9A3866004A6CA5;
			remoteInfo = "ios-swoosh";
		};
/* End PBXContainerItemProxy section */

/* Begin PBXFileReference section */
		A11F5EFB1F9A3866004A6CA5 /* ios-swoosh.app */ = {isa = PBXFileReference; explicitFileType = wrapper.application; includeInIndex = 0; path = "ios-swoosh.app"; sourceTree = BUILT_PRODUCTS_DIR; };
		A11F5EFE1F9A3866004A6CA5 /* AppDelegate.swift */ = {isa = PBXFileReference; lastKnownFileType = sourcecode.swift; path = AppDelegate.swift; sourceTree = "<group>"; };
		A11F5F001F9A3866004A6CA5 /* ViewController.swift */ = {isa = PBXFileReference; lastKnownFileType = sourcecode.swift; path = ViewController.swift; sourceTree = "<group>"; };
		A11F5F031F9A3866004A6CA5 /* Base */ = {isa = PBXFileReference; lastKnownFileType = file.storyboard; name = Base; path = Base.lproj/Main.storyboard; sourceTree = "<group>"; };
		A11F5F051F9A3866004A6CA5 /* Assets.xcassets */ = {isa = PBXFileReference; lastKnownFileType = folder.assetcatalog; path = Assets.xcassets; sourceTree = "<group>"; };
		A11F5F081F9A3866004A6CA5 /* Base */ = {isa = PBXFileReference; lastKnownFileType = file.storyboard; name = Base; path = Base.lproj/LaunchScreen.storyboard; sourceTree = "<group>"; };
		A11F5F0A1F9A3866004A6CA5 /* Info.plist */ = {isa = PBXFileReference; lastKnownFileType = text.plist.xml; path = Info.plist; sourceTree = "<group>"; };
		A11F5F0F1F9A3866004A6CA5 /* ios-swooshTests.xctest */ = {isa = PBXFileReference; explicitFileType = wrapper.cfbundle; includeInIndex = 0; path = "ios-swooshTests.xctest"; sourceTree = BUILT_PRODUCTS_DIR; };
		A11F5F131F9A3866004A6CA5 /* ios_swooshTests.swift */ = {isa = PBXFileReference; lastKnownFileType = sourcecode.swift; path = ios_swooshTests.swift; sourceTree = "<group>"; };
		A11F5F151F9A3866004A6CA5 /* Info.plist */ = {isa = PBXFileReference; lastKnownFileType = text.plist.xml; path = Info.plist; sourceTree = "<group>"; };
		A11F5F1A1F9A3866004A6CA5 /* ios-swooshUITests.xctest */ = {isa = PBXFileReference; explicitFileType = wrapper.cfbundle; includeInIndex = 0; path = "ios-swooshUITests.xctest"; sourceTree = BUILT_PRODUCTS_DIR; };
		A11F5F1E1F9A3866004A6CA5 /* ios_swooshUITests.swift */ = {isa = PBXFileReference; lastKnownFileType = sourcecode.swift; path = ios_swooshUITests.swift; sourceTree = "<group>"; };
		A11F5F201F9A3866004A6CA5 /* Info.plist */ = {isa = PBXFileReference; lastKnownFileType = text.plist.xml; path = Info.plist; sourceTree = "<group>"; };
		A11F5F2D1F9A3E9F004A6CA5 /* BorderButton.swift */ = {isa = PBXFileReference; lastKnownFileType = sourcecode.swift; path = BorderButton.swift; sourceTree = "<group>"; };
/* End PBXFileReference section */

/* Begin PBXFrameworksBuildPhase section */
		A11F5EF81F9A3866004A6CA5 /* Frameworks */ = {
			isa = PBXFrameworksBuildPhase;
			buildActionMask = 2147483647;
			files = (
			);
			runOnlyForDeploymentPostprocessing = 0;
		};
		A11F5F0C1F9A3866004A6CA5 /* Frameworks */ = {
			isa = PBXFrameworksBuildPhase;
			buildActionMask = 2147483647;
			files = (
			);
			runOnlyForDeploymentPostprocessing = 0;
		};
		A11F5F171F9A3866004A6CA5 /* Frameworks */ = {
			isa = PBXFrameworksBuildPhase;
			buildActionMask = 2147483647;
			files = (
			);
			runOnlyForDeploymentPostprocessing = 0;
		};
/* End PBXFrameworksBuildPhase section */

/* Begin PBXGroup section */
		A11F5EF21F9A3866004A6CA5 = {
			isa = PBXGroup;
			children = (
				A11F5EFD1F9A3866004A6CA5 /* ios-swoosh */,
				A11F5F121F9A3866004A6CA5 /* ios-swooshTests */,
				A11F5F1D1F9A3866004A6CA5 /* ios-swooshUITests */,
				A11F5EFC1F9A3866004A6CA5 /* Products */,
			);
			sourceTree = "<group>";
		};
		A11F5EFC1F9A3866004A6CA5 /* Products */ = {
			isa = PBXGroup;
			children = (
				A11F5EFB1F9A3866004A6CA5 /* ios-swoosh.app */,
				A11F5F0F1F9A3866004A6CA5 /* ios-swooshTests.xctest */,
				A11F5F1A1F9A3866004A6CA5 /* ios-swooshUITests.xctest */,
			);
			name = Products;
			sourceTree = "<group>";
		};
		A11F5EFD1F9A3866004A6CA5 /* ios-swoosh */ = {
			isa = PBXGroup;
			children = (
				A11F5F2C1F9A3E39004A6CA5 /* Views */,
				A11F5EFE1F9A3866004A6CA5 /* AppDelegate.swift */,
				A11F5F001F9A3866004A6CA5 /* ViewController.swift */,
				A11F5F021F9A3866004A6CA5 /* Main.storyboard */,
				A11F5F051F9A3866004A6CA5 /* Assets.xcassets */,
				A11F5F071F9A3866004A6CA5 /* LaunchScreen.storyboard */,
				A11F5F0A1F9A3866004A6CA5 /* Info.plist */,
			);
			path = "ios-swoosh";
			sourceTree = "<group>";
		};
		A11F5F121F9A3866004A6CA5 /* ios-swooshTests */ = {
			isa = PBXGroup;
			children = (
				A11F5F131F9A3866004A6CA5 /* ios_swooshTests.swift */,
				A11F5F151F9A3866004A6CA5 /* Info.plist */,
			);
			path = "ios-swooshTests";
			sourceTree = "<group>";
		};
		A11F5F1D1F9A3866004A6CA5 /* ios-swooshUITests */ = {
			isa = PBXGroup;
			children = (
				A11F5F1E1F9A3866004A6CA5 /* ios_swooshUITests.swift */,
				A11F5F201F9A3866004A6CA5 /* Info.plist */,
			);
			path = "ios-swooshUITests";
			sourceTree = "<group>";
		};
		A11F5F2C1F9A3E39004A6CA5 /* Views */ = {
			isa = PBXGroup;
			children = (
				A11F5F2D1F9A3E9F004A6CA5 /* BorderButton.swift */,
			);
			path = Views;
			sourceTree = "<group>";
		};
/* End PBXGroup section */

/* Begin PBXNativeTarget section */
		A11F5EFA1F9A3866004A6CA5 /* ios-swoosh */ = {
			isa = PBXNativeTarget;
			buildConfigurationList = A11F5F231F9A3866004A6CA5 /* Build configuration list for PBXNativeTarget "ios-swoosh" */;
			buildPhases = (
				A11F5EF71F9A3866004A6CA5 /* Sources */,
				A11F5EF81F9A3866004A6CA5 /* Frameworks */,
				A11F5EF91F9A3866004A6CA5 /* Resources */,
			);
			buildRules = (
			);
			dependencies = (
			);
			name = "ios-swoosh";
			productName = "ios-swoosh";
			productReference = A11F5EFB1F9A3866004A6CA5 /* ios-swoosh.app */;
			productType = "com.apple.product-type.application";
		};
		A11F5F0E1F9A3866004A6CA5 /* ios-swooshTests */ = {
			isa = PBXNativeTarget;
			buildConfigurationList = A11F5F261F9A3866004A6CA5 /* Build configuration list for PBXNativeTarget "ios-swooshTests" */;
			buildPhases = (
				A11F5F0B1F9A3866004A6CA5 /* Sources */,
				A11F5F0C1F9A3866004A6CA5 /* Frameworks */,
				A11F5F0D1F9A3866004A6CA5 /* Resources */,
			);
			buildRules = (
			);
			dependencies = (
				A11F5F111F9A3866004A6CA5 /* PBXTargetDependency */,
			);
			name = "ios-swooshTests";
			productName = "ios-swooshTests";
			productReference = A11F5F0F1F9A3866004A6CA5 /* ios-swooshTests.xctest */;
			productType = "com.apple.product-type.bundle.unit-test";
		};
		A11F5F191F9A3866004A6CA5 /* ios-swooshUITests */ = {
			isa = PBXNativeTarget;
			buildConfigurationList = A11F5F291F9A3866004A6CA5 /* Build configuration list for PBXNativeTarget "ios-swooshUITests" */;
			buildPhases = (
				A11F5F161F9A3866004A6CA5 /* Sources */,
				A11F5F171F9A3866004A6CA5 /* Frameworks */,
				A11F5F181F9A3866004A6CA5 /* Resources */,
			);
			buildRules = (
			);
			dependencies = (
				A11F5F1C1F9A3866004A6CA5 /* PBXTargetDependency */,
			);
			name = "ios-swooshUITests";
			productName = "ios-swooshUITests";
			productReference = A11F5F1A1F9A3866004A6CA5 /* ios-swooshUITests.xctest */;
			productType = "com.apple.product-type.bundle.ui-testing";
		};
/* End PBXNativeTarget section */

/* Begin PBXProject section */
		A11F5EF31F9A3866004A6CA5 /* Project object */ = {
			isa = PBXProject;
			attributes = {
				LastSwiftUpdateCheck = 0900;
				LastUpgradeCheck = 0900;
				ORGANIZATIONNAME = Younix;
				TargetAttributes = {
					A11F5EFA1F9A3866004A6CA5 = {
						CreatedOnToolsVersion = 9.0.1;
						ProvisioningStyle = Automatic;
					};
					A11F5F0E1F9A3866004A6CA5 = {
						CreatedOnToolsVersion = 9.0.1;
						ProvisioningStyle = Automatic;
						TestTargetID = A11F5EFA1F9A3866004A6CA5;
					};
					A11F5F191F9A3866004A6CA5 = {
						CreatedOnToolsVersion = 9.0.1;
						ProvisioningStyle = Automatic;
						TestTargetID = A11F5EFA1F9A3866004A6CA5;
					};
				};
			};
			buildConfigurationList = A11F5EF61F9A3866004A6CA5 /* Build configuration list for PBXProject "ios-swoosh" */;
			compatibilityVersion = "Xcode 8.0";
			developmentRegion = en;
			hasScannedForEncodings = 0;
			knownRegions = (
				en,
				Base,
			);
			mainGroup = A11F5EF21F9A3866004A6CA5;
			productRefGroup = A11F5EFC1F9A3866004A6CA5 /* Products */;
			projectDirPath = "";
			projectRoot = "";
			targets = (
				A11F5EFA1F9A3866004A6CA5 /* ios-swoosh */,
				A11F5F0E1F9A3866004A6CA5 /* ios-swooshTests */,
				A11F5F191F9A3866004A6CA5 /* ios-swooshUITests */,
			);
		};
/* End PBXProject section */

/* Begin PBXResourcesBuildPhase section */
		A11F5EF91F9A3866004A6CA5 /* Resources */ = {
			isa = PBXResourcesBuildPhase;
			buildActionMask = 2147483647;
			files = (
				A11F5F091F9A3866004A6CA5 /* LaunchScreen.storyboard in Resources */,
				A11F5F061F9A3866004A6CA5 /* Assets.xcassets in Resources */,
				A11F5F041F9A3866004A6CA5 /* Main.storyboard in Resources */,
			);
			runOnlyForDeploymentPostprocessing = 0;
		};
		A11F5F0D1F9A3866004A6CA5 /* Resources */ = {
			isa = PBXResourcesBuildPhase;
			buildActionMask = 2147483647;
			files = (
			);
			runOnlyForDeploymentPostprocessing = 0;
		};
		A11F5F181F9A3866004A6CA5 /* Resources */ = {
			isa = PBXResourcesBuildPhase;
			buildActionMask = 2147483647;
			files = (
			);
			runOnlyForDeploymentPostprocessing = 0;
		};
/* End PBXResourcesBuildPhase section */

/* Begin PBXSourcesBuildPhase section */
		A11F5EF71F9A3866004A6CA5 /* Sources */ = {
			isa = PBXSourcesBuildPhase;
			buildActionMask = 2147483647;
			files = (
				A11F5F011F9A3866004A6CA5 /* ViewController.swift in Sources */,
				A11F5EFF1F9A3866004A6CA5 /* AppDelegate.swift in Sources */,
				A11F5F2E1F9A3E9F004A6CA5 /* BorderButton.swift in Sources */,
			);
			runOnlyForDeploymentPostprocessing = 0;
		};
		A11F5F0B1F9A3866004A6CA5 /* Sources */ = {
			isa = PBXSourcesBuildPhase;
			buildActionMask = 2147483647;
			files = (
				A11F5F141F9A3866004A6CA5 /* ios_swooshTests.swift in Sources */,
			);
			runOnlyForDeploymentPostprocessing = 0;
		};
		A11F5F161F9A3866004A6CA5 /* Sources */ = {
			isa = PBXSourcesBuildPhase;
			buildActionMask = 2147483647;
			files = (
				A11F5F1F1F9A3866004A6CA5 /* ios_swooshUITests.swift in Sources */,
			);
			runOnlyForDeploymentPostprocessing = 0;
		};
/* End PBXSourcesBuildPhase section */

/* Begin PBXTargetDependency section */
		A11F5F111F9A3866004A6CA5 /* PBXTargetDependency */ = {
			isa = PBXTargetDependency;
			target = A11F5EFA1F9A3866004A6CA5 /* ios-swoosh */;
			targetProxy = A11F5F101F9A3866004A6CA5 /* PBXContainerItemProxy */;
		};
		A11F5F1C1F9A3866004A6CA5 /* PBXTargetDependency */ = {
			isa = PBXTargetDependency;
			target = A11F5EFA1F9A3866004A6CA5 /* ios-swoosh */;
			targetProxy = A11F5F1B1F9A3866004A6CA5 /* PBXContainerItemProxy */;
		};
/* End PBXTargetDependency section */

/* Begin PBXVariantGroup section */
		A11F5F021F9A3866004A6CA5 /* Main.storyboard */ = {
			isa = PBXVariantGroup;
			children = (
				A11F5F031F9A3866004A6CA5 /* Base */,
			);
			name = Main.storyboard;
			sourceTree = "<group>";
		};
		A11F5F071F9A3866004A6CA5 /* LaunchScreen.storyboard */ = {
			isa = PBXVariantGroup;
			children = (
				A11F5F081F9A3866004A6CA5 /* Base */,
			);
			name = LaunchScreen.storyboard;
			sourceTree = "<group>";
		};
/* End PBXVariantGroup section */

/* Begin XCBuildConfiguration section */
		A11F5F211F9A3866004A6CA5 /* Debug */ = {
			isa = XCBuildConfiguration;
			buildSettings = {
				ALWAYS_SEARCH_USER_PATHS = NO;
				CLANG_ANALYZER_NONNULL = YES;
				CLANG_ANALYZER_NUMBER_OBJECT_CONVERSION = YES_AGGRESSIVE;
				CLANG_CXX_LANGUAGE_STANDARD = "gnu++14";
				CLANG_CXX_LIBRARY = "libc++";
				CLANG_ENABLE_MODULES = YES;
				CLANG_ENABLE_OBJC_ARC = YES;
				CLANG_WARN_BLOCK_CAPTURE_AUTORELEASING = YES;
				CLANG_WARN_BOOL_CONVERSION = YES;
				CLANG_WARN_COMMA = YES;
				CLANG_WARN_CONSTANT_CONVERSION = YES;
				CLANG_WARN_DIRECT_OBJC_ISA_USAGE = YES_ERROR;
				CLANG_WARN_DOCUMENTATION_COMMENTS = YES;
				CLANG_WARN_EMPTY_BODY = YES;
				CLANG_WARN_ENUM_CONVERSION = YES;
				CLANG_WARN_INFINITE_RECURSION = YES;
				CLANG_WARN_INT_CONVERSION = YES;
				CLANG_WARN_NON_LITERAL_NULL_CONVERSION = YES;
				CLANG_WARN_OBJC_LITERAL_CONVERSION = YES;
				CLANG_WARN_OBJC_ROOT_CLASS = YES_ERROR;
				CLANG_WARN_RANGE_LOOP_ANALYSIS = YES;
				CLANG_WARN_STRICT_PROTOTYPES = YES;
				CLANG_WARN_SUSPICIOUS_MOVE = YES;
				CLANG_WARN_UNGUARDED_AVAILABILITY = YES_AGGRESSIVE;
				CLANG_WARN_UNREACHABLE_CODE = YES;
				CLANG_WARN__DUPLICATE_METHOD_MATCH = YES;
				CODE_SIGN_IDENTITY = "iPhone Developer";
				COPY_PHASE_STRIP = NO;
				DEBUG_INFORMATION_FORMAT = dwarf;
				ENABLE_STRICT_OBJC_MSGSEND = YES;
				ENABLE_TESTABILITY = YES;
				GCC_C_LANGUAGE_STANDARD = gnu11;
				GCC_DYNAMIC_NO_PIC = NO;
				GCC_NO_COMMON_BLOCKS = YES;
				GCC_OPTIMIZATION_LEVEL = 0;
				GCC_PREPROCESSOR_DEFINITIONS = (
					"DEBUG=1",
					"$(inherited)",
				);
				GCC_WARN_64_TO_32_BIT_CONVERSION = YES;
				GCC_WARN_ABOUT_RETURN_TYPE = YES_ERROR;
				GCC_WARN_UNDECLARED_SELECTOR = YES;
				GCC_WARN_UNINITIALIZED_AUTOS = YES_AGGRESSIVE;
				GCC_WARN_UNUSED_FUNCTION = YES;
				GCC_WARN_UNUSED_VARIABLE = YES;
				IPHONEOS_DEPLOYMENT_TARGET = 11.0;
				MTL_ENABLE_DEBUG_INFO = YES;
				ONLY_ACTIVE_ARCH = YES;
				SDKROOT = iphoneos;
				SWIFT_ACTIVE_COMPILATION_CONDITIONS = DEBUG;
				SWIFT_OPTIMIZATION_LEVEL = "-Onone";
			};
			name = Debug;
		};
		A11F5F221F9A3866004A6CA5 /* Release */ = {
			isa = XCBuildConfiguration;
			buildSettings = {
				ALWAYS_SEARCH_USER_PATHS = NO;
				CLANG_ANALYZER_NONNULL = YES;
				CLANG_ANALYZER_NUMBER_OBJECT_CONVERSION = YES_AGGRESSIVE;
				CLANG_CXX_LANGUAGE_STANDARD = "gnu++14";
				CLANG_CXX_LIBRARY = "libc++";
				CLANG_ENABLE_MODULES = YES;
				CLANG_ENABLE_OBJC_ARC = YES;
				CLANG_WARN_BLOCK_CAPTURE_AUTORELEASING = YES;
				CLANG_WARN_BOOL_CONVERSION = YES;
				CLANG_WARN_COMMA = YES;
				CLANG_WARN_CONSTANT_CONVERSION = YES;
				CLANG_WARN_DIRECT_OBJC_ISA_USAGE = YES_ERROR;
				CLANG_WARN_DOCUMENTATION_COMMENTS = YES;
				CLANG_WARN_EMPTY_BODY = YES;
				CLANG_WARN_ENUM_CONVERSION = YES;
				CLANG_WARN_INFINITE_RECURSION = YES;
				CLANG_WARN_INT_CONVERSION = YES;
				CLANG_WARN_NON_LITERAL_NULL_CONVERSION = YES;
				CLANG_WARN_OBJC_LITERAL_CONVERSION = YES;
				CLANG_WARN_OBJC_ROOT_CLASS = YES_ERROR;
				CLANG_WARN_RANGE_LOOP_ANALYSIS = YES;
				CLANG_WARN_STRICT_PROTOTYPES = YES;
				CLANG_WARN_SUSPICIOUS_MOVE = YES;
				CLANG_WARN_UNGUARDED_AVAILABILITY = YES_AGGRESSIVE;
				CLANG_WARN_UNREACHABLE_CODE = YES;
				CLANG_WARN__DUPLICATE_METHOD_MATCH = YES;
				CODE_SIGN_IDENTITY = "iPhone Developer";
				COPY_PHASE_STRIP = NO;
				DEBUG_INFORMATION_FORMAT = "dwarf-with-dsym";
				ENABLE_NS_ASSERTIONS = NO;
				ENABLE_STRICT_OBJC_MSGSEND = YES;
				GCC_C_LANGUAGE_STANDARD = gnu11;
				GCC_NO_COMMON_BLOCKS = YES;
				GCC_WARN_64_TO_32_BIT_CONVERSION = YES;
				GCC_WARN_ABOUT_RETURN_TYPE = YES_ERROR;
				GCC_WARN_UNDECLARED_SELECTOR = YES;
				GCC_WARN_UNINITIALIZED_AUTOS = YES_AGGRESSIVE;
				GCC_WARN_UNUSED_FUNCTION = YES;
				GCC_WARN_UNUSED_VARIABLE = YES;
				IPHONEOS_DEPLOYMENT_TARGET = 11.0;
				MTL_ENABLE_DEBUG_INFO = NO;
				SDKROOT = iphoneos;
				SWIFT_OPTIMIZATION_LEVEL = "-Owholemodule";
				VALIDATE_PRODUCT = YES;
			};
			name = Release;
		};
		A11F5F241F9A3866004A6CA5 /* Debug */ = {
			isa = XCBuildConfiguration;
			buildSettings = {
				ASSETCATALOG_COMPILER_APPICON_NAME = AppIcon;
				CODE_SIGN_STYLE = Automatic;
				INFOPLIST_FILE = "ios-swoosh/Info.plist";
				LD_RUNPATH_SEARCH_PATHS = "$(inherited) @executable_path/Frameworks";
				PRODUCT_BUNDLE_IDENTIFIER = "Younix.ios-swoosh";
				PRODUCT_NAME = "$(TARGET_NAME)";
				SWIFT_VERSION = 4.0;
				TARGETED_DEVICE_FAMILY = "1,2";
			};
			name = Debug;
		};
		A11F5F251F9A3866004A6CA5 /* Release */ = {
			isa = XCBuildConfiguration;
			buildSettings = {
				ASSETCATALOG_COMPILER_APPICON_NAME = AppIcon;
				CODE_SIGN_STYLE = Automatic;
				INFOPLIST_FILE = "ios-swoosh/Info.plist";
				LD_RUNPATH_SEARCH_PATHS = "$(inherited) @executable_path/Frameworks";
				PRODUCT_BUNDLE_IDENTIFIER = "Younix.ios-swoosh";
				PRODUCT_NAME = "$(TARGET_NAME)";
				SWIFT_VERSION = 4.0;
				TARGETED_DEVICE_FAMILY = "1,2";
			};
			name = Release;
		};
		A11F5F271F9A3866004A6CA5 /* Debug */ = {
			isa = XCBuildConfiguration;
			buildSettings = {
				ALWAYS_EMBED_SWIFT_STANDARD_LIBRARIES = YES;
				BUNDLE_LOADER = "$(TEST_HOST)";
				CODE_SIGN_STYLE = Automatic;
				INFOPLIST_FILE = "ios-swooshTests/Info.plist";
				LD_RUNPATH_SEARCH_PATHS = "$(inherited) @executable_path/Frameworks @loader_path/Frameworks";
				PRODUCT_BUNDLE_IDENTIFIER = "Younix.ios-swooshTests";
				PRODUCT_NAME = "$(TARGET_NAME)";
				SWIFT_VERSION = 4.0;
				TARGETED_DEVICE_FAMILY = "1,2";
				TEST_HOST = "$(BUILT_PRODUCTS_DIR)/ios-swoosh.app/ios-swoosh";
			};
			name = Debug;
		};
		A11F5F281F9A3866004A6CA5 /* Release */ = {
			isa = XCBuildConfiguration;
			buildSettings = {
				ALWAYS_EMBED_SWIFT_STANDARD_LIBRARIES = YES;
				BUNDLE_LOADER = "$(TEST_HOST)";
				CODE_SIGN_STYLE = Automatic;
				INFOPLIST_FILE = "ios-swooshTests/Info.plist";
				LD_RUNPATH_SEARCH_PATHS = "$(inherited) @executable_path/Frameworks @loader_path/Frameworks";
				PRODUCT_BUNDLE_IDENTIFIER = "Younix.ios-swooshTests";
				PRODUCT_NAME = "$(TARGET_NAME)";
				SWIFT_VERSION = 4.0;
				TARGETED_DEVICE_FAMILY = "1,2";
				TEST_HOST = "$(BUILT_PRODUCTS_DIR)/ios-swoosh.app/ios-swoosh";
			};
			name = Release;
		};
		A11F5F2A1F9A3866004A6CA5 /* Debug */ = {
			isa = XCBuildConfiguration;
			buildSettings = {
				ALWAYS_EMBED_SWIFT_STANDARD_LIBRARIES = YES;
				CODE_SIGN_STYLE = Automatic;
				INFOPLIST_FILE = "ios-swooshUITests/Info.plist";
				LD_RUNPATH_SEARCH_PATHS = "$(inherited) @executable_path/Frameworks @loader_path/Frameworks";
				PRODUCT_BUNDLE_IDENTIFIER = "Younix.ios-swooshUITests";
				PRODUCT_NAME = "$(TARGET_NAME)";
				SWIFT_VERSION = 4.0;
				TARGETED_DEVICE_FAMILY = "1,2";
				TEST_TARGET_NAME = "ios-swoosh";
			};
			name = Debug;
		};
		A11F5F2B1F9A3866004A6CA5 /* Release */ = {
			isa = XCBuildConfiguration;
			buildSettings = {
				ALWAYS_EMBED_SWIFT_STANDARD_LIBRARIES = YES;
				CODE_SIGN_STYLE = Automatic;
				INFOPLIST_FILE = "ios-swooshUITests/Info.plist";
				LD_RUNPATH_SEARCH_PATHS = "$(inherited) @executable_path/Frameworks @loader_path/Frameworks";
				PRODUCT_BUNDLE_IDENTIFIER = "Younix.ios-swooshUITests";
				PRODUCT_NAME = "$(TARGET_NAME)";
				SWIFT_VERSION = 4.0;
				TARGETED_DEVICE_FAMILY = "1,2";
				TEST_TARGET_NAME = "ios-swoosh";
			};
			name = Release;
		};
/* End XCBuildConfiguration section */

/* Begin XCConfigurationList section */
		A11F5EF61F9A3866004A6CA5 /* Build configuration list for PBXProject "ios-swoosh" */ = {
			isa = XCConfigurationList;
			buildConfigurations = (
				A11F5F211F9A3866004A6CA5 /* Debug */,
				A11F5F221F9A3866004A6CA5 /* Release */,
			);
			defaultConfigurationIsVisible = 0;
			defaultConfigurationName = Release;
		};
		A11F5F231F9A3866004A6CA5 /* Build configuration list for PBXNativeTarget "ios-swoosh" */ = {
			isa = XCConfigurationList;
			buildConfigurations = (
				A11F5F241F9A3866004A6CA5 /* Debug */,
				A11F5F251F9A3866004A6CA5 /* Release */,
			);
			defaultConfigurationIsVisible = 0;
			defaultConfigurationName = Release;
		};
		A11F5F261F9A3866004A6CA5 /* Build configuration list for PBXNativeTarget "ios-swooshTests" */ = {
			isa = XCConfigurationList;
			buildConfigurations = (
				A11F5F271F9A3866004A6CA5 /* Debug */,
				A11F5F281F9A3866004A6CA5 /* Release */,
			);
			defaultConfigurationIsVisible = 0;
			defaultConfigurationName = Release;
		};
		A11F5F291F9A3866004A6CA5 /* Build configuration list for PBXNativeTarget "ios-swooshUITests" */ = {
			isa = XCConfigurationList;
			buildConfigurations = (
				A11F5F2A1F9A3866004A6CA5 /* Debug */,
				A11F5F2B1F9A3866004A6CA5 /* Release */,
			);
			defaultConfigurationIsVisible = 0;
			defaultConfigurationName = Release;
		};
/* End XCConfigurationList section */
	};
	rootObject = A11F5EF31F9A3866004A6CA5 /* Project object */;
}
